// !$*UTF8*$!
{
	archiveVersion = 1;
	classes = {
	};
	objectVersion = 77;
	objects = {

/* Begin PBXContainerItemProxy section */
		C61737B52DEE2E9400957DB5 /* PBXContainerItemProxy */ = {
			isa = PBXContainerItemProxy;
			containerPortal = C61737962DEE2E9300957DB5 /* Project object */;
			proxyType = 1;
			remoteGlobalIDString = C617379D2DEE2E9300957DB5;
			remoteInfo = Cinefy;
		};
		C61737BF2DEE2E9400957DB5 /* PBXContainerItemProxy */ = {
			isa = PBXContainerItemProxy;
			containerPortal = C61737962DEE2E9300957DB5 /* Project object */;
			proxyType = 1;
			remoteGlobalIDString = C617379D2DEE2E9300957DB5;
			remoteInfo = Cinefy;
		};
/* End PBXContainerItemProxy section */

/* Begin PBXFileReference section */
		C617379E2DEE2E9300957DB5 /* Cinefy.app */ = {isa = PBXFileReference; explicitFileType = wrapper.application; includeInIndex = 0; path = Cinefy.app; sourceTree = BUILT_PRODUCTS_DIR; };
		C61737B42DEE2E9400957DB5 /* CinefyTests.xctest */ = {isa = PBXFileReference; explicitFileType = wrapper.cfbundle; includeInIndex = 0; path = CinefyTests.xctest; sourceTree = BUILT_PRODUCTS_DIR; };
		C61737BE2DEE2E9400957DB5 /* CinefyUITests.xctest */ = {isa = PBXFileReference; explicitFileType = wrapper.cfbundle; includeInIndex = 0; path = CinefyUITests.xctest; sourceTree = BUILT_PRODUCTS_DIR; };
/* End PBXFileReference section */

/* Begin PBXFileSystemSynchronizedBuildFileExceptionSet section */
		C61737C62DEE2E9400957DB5 /* Exceptions for "Cinefy" folder in "Cinefy" target */ = {
			isa = PBXFileSystemSynchronizedBuildFileExceptionSet;
			membershipExceptions = (
				Info.plist,
			);
			target = C617379D2DEE2E9300957DB5 /* Cinefy */;
		};
/* End PBXFileSystemSynchronizedBuildFileExceptionSet section */

/* Begin PBXFileSystemSynchronizedRootGroup section */
		C61737A02DEE2E9300957DB5 /* Cinefy */ = {
			isa = PBXFileSystemSynchronizedRootGroup;
			exceptions = (
				C61737C62DEE2E9400957DB5 /* Exceptions for "Cinefy" folder in "Cinefy" target */,
			);
			path = Cinefy;
			sourceTree = "<group>";
		};
		C61737B72DEE2E9400957DB5 /* CinefyTests */ = {
			isa = PBXFileSystemSynchronizedRootGroup;
			path = CinefyTests;
			sourceTree = "<group>";
		};
		C61737C12DEE2E9400957DB5 /* CinefyUITests */ = {
			isa = PBXFileSystemSynchronizedRootGroup;
			path = CinefyUITests;
			sourceTree = "<group>";
		};
/* End PBXFileSystemSynchronizedRootGroup section */

/* Begin PBXFrameworksBuildPhase section */
		C617379B2DEE2E9300957DB5 /* Frameworks */ = {
			isa = PBXFrameworksBuildPhase;
			buildActionMask = 2147483647;
			files = (
			);
			runOnlyForDeploymentPostprocessing = 0;
		};
		C61737B12DEE2E9400957DB5 /* Frameworks */ = {
			isa = PBXFrameworksBuildPhase;
			buildActionMask = 2147483647;
			files = (
			);
			runOnlyForDeploymentPostprocessing = 0;
		};
		C61737BB2DEE2E9400957DB5 /* Frameworks */ = {
			isa = PBXFrameworksBuildPhase;
			buildActionMask = 2147483647;
			files = (
			);
			runOnlyForDeploymentPostprocessing = 0;
		};
/* End PBXFrameworksBuildPhase section */

/* Begin PBXGroup section */
		C61737952DEE2E9300957DB5 = {
			isa = PBXGroup;
			children = (
				C61737A02DEE2E9300957DB5 /* Cinefy */,
				C61737B72DEE2E9400957DB5 /* CinefyTests */,
				C61737C12DEE2E9400957DB5 /* CinefyUITests */,
				C617379F2DEE2E9300957DB5 /* Products */,
			);
			sourceTree = "<group>";
		};
		C617379F2DEE2E9300957DB5 /* Products */ = {
			isa = PBXGroup;
			children = (
				C617379E2DEE2E9300957DB5 /* Cinefy.app */,
				C61737B42DEE2E9400957DB5 /* CinefyTests.xctest */,
				C61737BE2DEE2E9400957DB5 /* CinefyUITests.xctest */,
			);
			name = Products;
			sourceTree = "<group>";
		};
/* End PBXGroup section */

/* Begin PBXNativeTarget section */
		C617379D2DEE2E9300957DB5 /* Cinefy */ = {
			isa = PBXNativeTarget;
			buildConfigurationList = C61737C72DEE2E9400957DB5 /* Build configuration list for PBXNativeTarget "Cinefy" */;
			buildPhases = (
				C617379A2DEE2E9300957DB5 /* Sources */,
				C617379B2DEE2E9300957DB5 /* Frameworks */,
				C617379C2DEE2E9300957DB5 /* Resources */,
			);
			buildRules = (
			);
			dependencies = (
			);
			fileSystemSynchronizedGroups = (
				C61737A02DEE2E9300957DB5 /* Cinefy */,
			);
			name = Cinefy;
			packageProductDependencies = (
			);
			productName = Cinefy;
			productReference = C617379E2DEE2E9300957DB5 /* Cinefy.app */;
			productType = "com.apple.product-type.application";
		};
		C61737B32DEE2E9400957DB5 /* CinefyTests */ = {
			isa = PBXNativeTarget;
			buildConfigurationList = C61737CC2DEE2E9400957DB5 /* Build configuration list for PBXNativeTarget "CinefyTests" */;
			buildPhases = (
				C61737B02DEE2E9400957DB5 /* Sources */,
				C61737B12DEE2E9400957DB5 /* Frameworks */,
				C61737B22DEE2E9400957DB5 /* Resources */,
			);
			buildRules = (
			);
			dependencies = (
				C61737B62DEE2E9400957DB5 /* PBXTargetDependency */,
			);
			fileSystemSynchronizedGroups = (
				C61737B72DEE2E9400957DB5 /* CinefyTests */,
			);
			name = CinefyTests;
			packageProductDependencies = (
			);
			productName = CinefyTests;
			productReference = C61737B42DEE2E9400957DB5 /* CinefyTests.xctest */;
			productType = "com.apple.product-type.bundle.unit-test";
		};
		C61737BD2DEE2E9400957DB5 /* CinefyUITests */ = {
			isa = PBXNativeTarget;
			buildConfigurationList = C61737CF2DEE2E9400957DB5 /* Build configuration list for PBXNativeTarget "CinefyUITests" */;
			buildPhases = (
				C61737BA2DEE2E9400957DB5 /* Sources */,
				C61737BB2DEE2E9400957DB5 /* Frameworks */,
				C61737BC2DEE2E9400957DB5 /* Resources */,
			);
			buildRules = (
			);
			dependencies = (
				C61737C02DEE2E9400957DB5 /* PBXTargetDependency */,
			);
			fileSystemSynchronizedGroups = (
				C61737C12DEE2E9400957DB5 /* CinefyUITests */,
			);
			name = CinefyUITests;
			packageProductDependencies = (
			);
			productName = CinefyUITests;
			productReference = C61737BE2DEE2E9400957DB5 /* CinefyUITests.xctest */;
			productType = "com.apple.product-type.bundle.ui-testing";
		};
/* End PBXNativeTarget section */

/* Begin PBXProject section */
		C61737962DEE2E9300957DB5 /* Project object */ = {
			isa = PBXProject;
			attributes = {
				BuildIndependentTargetsInParallel = 1;
				LastSwiftUpdateCheck = 1640;
				LastUpgradeCheck = 1640;
				TargetAttributes = {
					C617379D2DEE2E9300957DB5 = {
						CreatedOnToolsVersion = 16.4;
					};
					C61737B32DEE2E9400957DB5 = {
						CreatedOnToolsVersion = 16.4;
						TestTargetID = C617379D2DEE2E9300957DB5;
					};
					C61737BD2DEE2E9400957DB5 = {
						CreatedOnToolsVersion = 16.4;
						TestTargetID = C617379D2DEE2E9300957DB5;
					};
				};
			};
			buildConfigurationList = C61737992DEE2E9300957DB5 /* Build configuration list for PBXProject "Cinefy" */;
			developmentRegion = en;
			hasScannedForEncodings = 0;
			knownRegions = (
				en,
				Base,
			);
			mainGroup = C61737952DEE2E9300957DB5;
			minimizedProjectReferenceProxies = 1;
			preferredProjectObjectVersion = 77;
			productRefGroup = C617379F2DEE2E9300957DB5 /* Products */;
			projectDirPath = "";
			projectRoot = "";
			targets = (
				C617379D2DEE2E9300957DB5 /* Cinefy */,
				C61737B32DEE2E9400957DB5 /* CinefyTests */,
				C61737BD2DEE2E9400957DB5 /* CinefyUITests */,
			);
		};
/* End PBXProject section */

/* Begin PBXResourcesBuildPhase section */
		C617379C2DEE2E9300957DB5 /* Resources */ = {
			isa = PBXResourcesBuildPhase;
			buildActionMask = 2147483647;
			files = (
			);
			runOnlyForDeploymentPostprocessing = 0;
		};
		C61737B22DEE2E9400957DB5 /* Resources */ = {
			isa = PBXResourcesBuildPhase;
			buildActionMask = 2147483647;
			files = (
			);
			runOnlyForDeploymentPostprocessing = 0;
		};
		C61737BC2DEE2E9400957DB5 /* Resources */ = {
			isa = PBXResourcesBuildPhase;
			buildActionMask = 2147483647;
			files = (
			);
			runOnlyForDeploymentPostprocessing = 0;
		};
/* End PBXResourcesBuildPhase section */

/* Begin PBXSourcesBuildPhase section */
		C617379A2DEE2E9300957DB5 /* Sources */ = {
			isa = PBXSourcesBuildPhase;
			buildActionMask = 2147483647;
			files = (
			);
			runOnlyForDeploymentPostprocessing = 0;
		};
		C61737B02DEE2E9400957DB5 /* Sources */ = {
			isa = PBXSourcesBuildPhase;
			buildActionMask = 2147483647;
			files = (
			);
			runOnlyForDeploymentPostprocessing = 0;
		};
		C61737BA2DEE2E9400957DB5 /* Sources */ = {
			isa = PBXSourcesBuildPhase;
			buildActionMask = 2147483647;
			files = (
			);
			runOnlyForDeploymentPostprocessing = 0;
		};
/* End PBXSourcesBuildPhase section */

/* Begin PBXTargetDependency section */
		C61737B62DEE2E9400957DB5 /* PBXTargetDependency */ = {
			isa = PBXTargetDependency;
			target = C617379D2DEE2E9300957DB5 /* Cinefy */;
			targetProxy = C61737B52DEE2E9400957DB5 /* PBXContainerItemProxy */;
		};
		C61737C02DEE2E9400957DB5 /* PBXTargetDependency */ = {
			isa = PBXTargetDependency;
			target = C617379D2DEE2E9300957DB5 /* Cinefy */;
			targetProxy = C61737BF2DEE2E9400957DB5 /* PBXContainerItemProxy */;
		};
/* End PBXTargetDependency section */

/* Begin XCBuildConfiguration section */
		C61737C82DEE2E9400957DB5 /* Debug */ = {
			isa = XCBuildConfiguration;
			buildSettings = {
				ASSETCATALOG_COMPILER_APPICON_NAME = AppIcon;
				ASSETCATALOG_COMPILER_GLOBAL_ACCENT_COLOR_NAME = AccentColor;
				CODE_SIGN_STYLE = Automatic;
				CURRENT_PROJECT_VERSION = 1;
				DEVELOPMENT_TEAM = 7UC573MG57;
				GENERATE_INFOPLIST_FILE = YES;
				INFOPLIST_FILE = Cinefy/Info.plist;
				INFOPLIST_KEY_UIApplicationSupportsIndirectInputEvents = YES;
				INFOPLIST_KEY_UILaunchStoryboardName = LaunchScreen;
				INFOPLIST_KEY_UIMainStoryboardFile = Main;
				INFOPLIST_KEY_UISupportedInterfaceOrientations_iPad = "UIInterfaceOrientationPortrait UIInterfaceOrientationPortraitUpsideDown UIInterfaceOrientationLandscapeLeft UIInterfaceOrientationLandscapeRight";
				INFOPLIST_KEY_UISupportedInterfaceOrientations_iPhone = "UIInterfaceOrientationPortrait UIInterfaceOrientationLandscapeLeft UIInterfaceOrientationLandscapeRight";
				LD_RUNPATH_SEARCH_PATHS = (
					"$(inherited)",
					"@executable_path/Frameworks",
				);
				MARKETING_VERSION = 1.0;
				PRODUCT_BUNDLE_IDENTIFIER = test.Cinefy;
				PRODUCT_NAME = "$(TARGET_NAME)";
				SWIFT_EMIT_LOC_STRINGS = YES;
				SWIFT_VERSION = 5.0;
				TARGETED_DEVICE_FAMILY = "1,2";
			};
			name = Debug;
		};
		C61737C92DEE2E9400957DB5 /* Release */ = {
			isa = XCBuildConfiguration;
			buildSettings = {
				ASSETCATALOG_COMPILER_APPICON_NAME = AppIcon;
				ASSETCATALOG_COMPILER_GLOBAL_ACCENT_COLOR_NAME = AccentColor;
				CODE_SIGN_STYLE = Automatic;
				CURRENT_PROJECT_VERSION = 1;
				DEVELOPMENT_TEAM = 7UC573MG57;
				GENERATE_INFOPLIST_FILE = YES;
				INFOPLIST_FILE = Cinefy/Info.plist;
				INFOPLIST_KEY_UIApplicationSupportsIndirectInputEvents = YES;
				INFOPLIST_KEY_UILaunchStoryboardName = LaunchScreen;
				INFOPLIST_KEY_UIMainStoryboardFile = Main;
				INFOPLIST_KEY_UISupportedInterfaceOrientations_iPad = "UIInterfaceOrientationPortrait UIInterfaceOrientationPortraitUpsideDown UIInterfaceOrientationLandscapeLeft UIInterfaceOrientationLandscapeRight";
				INFOPLIST_KEY_UISupportedInterfaceOrientations_iPhone = "UIInterfaceOrientationPortrait UIInterfaceOrientationLandscapeLeft UIInterfaceOrientationLandscapeRight";
				LD_RUNPATH_SEARCH_PATHS = (
					"$(inherited)",
					"@executable_path/Frameworks",
				);
				MARKETING_VERSION = 1.0;
				PRODUCT_BUNDLE_IDENTIFIER = test.Cinefy;
				PRODUCT_NAME = "$(TARGET_NAME)";
				SWIFT_EMIT_LOC_STRINGS = YES;
				SWIFT_VERSION = 5.0;
				TARGETED_DEVICE_FAMILY = "1,2";
			};
			name = Release;
		};
		C61737CA2DEE2E9400957DB5 /* Debug */ = {
			isa = XCBuildConfiguration;
			buildSettings = {
				ALWAYS_SEARCH_USER_PATHS = NO;
				ASSETCATALOG_COMPILER_GENERATE_SWIFT_ASSET_SYMBOL_EXTENSIONS = YES;
				CLANG_ANALYZER_NONNULL = YES;
				CLANG_ANALYZER_NUMBER_OBJECT_CONVERSION = YES_AGGRESSIVE;
				CLANG_CXX_LANGUAGE_STANDARD = "gnu++20";
				CLANG_ENABLE_MODULES = YES;
				CLANG_ENABLE_OBJC_ARC = YES;
				CLANG_ENABLE_OBJC_WEAK = YES;
				CLANG_WARN_BLOCK_CAPTURE_AUTORELEASING = YES;
				CLANG_WARN_BOOL_CONVERSION = YES;
				CLANG_WARN_COMMA = YES;
				CLANG_WARN_CONSTANT_CONVERSION = YES;
				CLANG_WARN_DEPRECATED_OBJC_IMPLEMENTATIONS = YES;
				CLANG_WARN_DIRECT_OBJC_ISA_USAGE = YES_ERROR;
				CLANG_WARN_DOCUMENTATION_COMMENTS = YES;
				CLANG_WARN_EMPTY_BODY = YES;
				CLANG_WARN_ENUM_CONVERSION = YES;
				CLANG_WARN_INFINITE_RECURSION = YES;
				CLANG_WARN_INT_CONVERSION = YES;
				CLANG_WARN_NON_LITERAL_NULL_CONVERSION = YES;
				CLANG_WARN_OBJC_IMPLICIT_RETAIN_SELF = YES;
				CLANG_WARN_OBJC_LITERAL_CONVERSION = YES;
				CLANG_WARN_OBJC_ROOT_CLASS = YES_ERROR;
				CLANG_WARN_QUOTED_INCLUDE_IN_FRAMEWORK_HEADER = YES;
				CLANG_WARN_RANGE_LOOP_ANALYSIS = YES;
				CLANG_WARN_STRICT_PROTOTYPES = YES;
				CLANG_WARN_SUSPICIOUS_MOVE = YES;
				CLANG_WARN_UNGUARDED_AVAILABILITY = YES_AGGRESSIVE;
				CLANG_WARN_UNREACHABLE_CODE = YES;
				CLANG_WARN__DUPLICATE_METHOD_MATCH = YES;
				COPY_PHASE_STRIP = NO;
				DEBUG_INFORMATION_FORMAT = dwarf;
				DEVELOPMENT_TEAM = 7UC573MG57;
				ENABLE_STRICT_OBJC_MSGSEND = YES;
				ENABLE_TESTABILITY = YES;
				ENABLE_USER_SCRIPT_SANDBOXING = YES;
				GCC_C_LANGUAGE_STANDARD = gnu17;
				GCC_DYNAMIC_NO_PIC = NO;
				GCC_NO_COMMON_BLOCKS = YES;
				GCC_OPTIMIZATION_LEVEL = 0;
				GCC_PREPROCESSOR_DEFINITIONS = (
					"DEBUG=1",
					"$(inherited)",
				);
				GCC_WARN_64_TO_32_BIT_CONVERSION = YES;
				GCC_WARN_ABOUT_RETURN_TYPE = YES_ERROR;
				GCC_WARN_UNDECLARED_SELECTOR = YES;
				GCC_WARN_UNINITIALIZED_AUTOS = YES_AGGRESSIVE;
				GCC_WARN_UNUSED_FUNCTION = YES;
				GCC_WARN_UNUSED_VARIABLE = YES;
				IPHONEOS_DEPLOYMENT_TARGET = 18.5;
				LOCALIZATION_PREFERS_STRING_CATALOGS = YES;
				MTL_ENABLE_DEBUG_INFO = INCLUDE_SOURCE;
				MTL_FAST_MATH = YES;
				ONLY_ACTIVE_ARCH = YES;
				SDKROOT = iphoneos;
				SWIFT_ACTIVE_COMPILATION_CONDITIONS = "DEBUG $(inherited)";
				SWIFT_OPTIMIZATION_LEVEL = "-Onone";
			};
			name = Debug;
		};
		C61737CB2DEE2E9400957DB5 /* Release */ = {
			isa = XCBuildConfiguration;
			buildSettings = {
				ALWAYS_SEARCH_USER_PATHS = NO;
				ASSETCATALOG_COMPILER_GENERATE_SWIFT_ASSET_SYMBOL_EXTENSIONS = YES;
				CLANG_ANALYZER_NONNULL = YES;
				CLANG_ANALYZER_NUMBER_OBJECT_CONVERSION = YES_AGGRESSIVE;
				CLANG_CXX_LANGUAGE_STANDARD = "gnu++20";
				CLANG_ENABLE_MODULES = YES;
				CLANG_ENABLE_OBJC_ARC = YES;
				CLANG_ENABLE_OBJC_WEAK = YES;
				CLANG_WARN_BLOCK_CAPTURE_AUTORELEASING = YES;
				CLANG_WARN_BOOL_CONVERSION = YES;
				CLANG_WARN_COMMA = YES;
				CLANG_WARN_CONSTANT_CONVERSION = YES;
				CLANG_WARN_DEPRECATED_OBJC_IMPLEMENTATIONS = YES;
				CLANG_WARN_DIRECT_OBJC_ISA_USAGE = YES_ERROR;
				CLANG_WARN_DOCUMENTATION_COMMENTS = YES;
				CLANG_WARN_EMPTY_BODY = YES;
				CLANG_WARN_ENUM_CONVERSION = YES;
				CLANG_WARN_INFINITE_RECURSION = YES;
				CLANG_WARN_INT_CONVERSION = YES;
				CLANG_WARN_NON_LITERAL_NULL_CONVERSION = YES;
				CLANG_WARN_OBJC_IMPLICIT_RETAIN_SELF = YES;
				CLANG_WARN_OBJC_LITERAL_CONVERSION = YES;
				CLANG_WARN_OBJC_ROOT_CLASS = YES_ERROR;
				CLANG_WARN_QUOTED_INCLUDE_IN_FRAMEWORK_HEADER = YES;
				CLANG_WARN_RANGE_LOOP_ANALYSIS = YES;
				CLANG_WARN_STRICT_PROTOTYPES = YES;
				CLANG_WARN_SUSPICIOUS_MOVE = YES;
				CLANG_WARN_UNGUARDED_AVAILABILITY = YES_AGGRESSIVE;
				CLANG_WARN_UNREACHABLE_CODE = YES;
				CLANG_WARN__DUPLICATE_METHOD_MATCH = YES;
				COPY_PHASE_STRIP = NO;
				DEBUG_INFORMATION_FORMAT = "dwarf-with-dsym";
				DEVELOPMENT_TEAM = 7UC573MG57;
				ENABLE_NS_ASSERTIONS = NO;
				ENABLE_STRICT_OBJC_MSGSEND = YES;
				ENABLE_USER_SCRIPT_SANDBOXING = YES;
				GCC_C_LANGUAGE_STANDARD = gnu17;
				GCC_NO_COMMON_BLOCKS = YES;
				GCC_WARN_64_TO_32_BIT_CONVERSION = YES;
				GCC_WARN_ABOUT_RETURN_TYPE = YES_ERROR;
				GCC_WARN_UNDECLARED_SELECTOR = YES;
				GCC_WARN_UNINITIALIZED_AUTOS = YES_AGGRESSIVE;
				GCC_WARN_UNUSED_FUNCTION = YES;
				GCC_WARN_UNUSED_VARIABLE = YES;
				IPHONEOS_DEPLOYMENT_TARGET = 18.5;
				LOCALIZATION_PREFERS_STRING_CATALOGS = YES;
				MTL_ENABLE_DEBUG_INFO = NO;
				MTL_FAST_MATH = YES;
				SDKROOT = iphoneos;
				SWIFT_COMPILATION_MODE = wholemodule;
				VALIDATE_PRODUCT = YES;
			};
			name = Release;
		};
		C61737CD2DEE2E9400957DB5 /* Debug */ = {
			isa = XCBuildConfiguration;
			buildSettings = {
				BUNDLE_LOADER = "$(TEST_HOST)";
				CODE_SIGN_STYLE = Automatic;
				CURRENT_PROJECT_VERSION = 1;
				DEVELOPMENT_TEAM = 7UC573MG57;
				GENERATE_INFOPLIST_FILE = YES;
				IPHONEOS_DEPLOYMENT_TARGET = 18.5;
				MARKETING_VERSION = 1.0;
				PRODUCT_BUNDLE_IDENTIFIER = test.CinefyTests;
				PRODUCT_NAME = "$(TARGET_NAME)";
				SWIFT_EMIT_LOC_STRINGS = NO;
				SWIFT_VERSION = 5.0;
				TARGETED_DEVICE_FAMILY = "1,2";
				TEST_HOST = "$(BUILT_PRODUCTS_DIR)/Cinefy.app/$(BUNDLE_EXECUTABLE_FOLDER_PATH)/Cinefy";
			};
			name = Debug;
		};
		C61737CE2DEE2E9400957DB5 /* Release */ = {
			isa = XCBuildConfiguration;
			buildSettings = {
				BUNDLE_LOADER = "$(TEST_HOST)";
				CODE_SIGN_STYLE = Automatic;
				CURRENT_PROJECT_VERSION = 1;
				DEVELOPMENT_TEAM = 7UC573MG57;
				GENERATE_INFOPLIST_FILE = YES;
				IPHONEOS_DEPLOYMENT_TARGET = 18.5;
				MARKETING_VERSION = 1.0;
				PRODUCT_BUNDLE_IDENTIFIER = test.CinefyTests;
				PRODUCT_NAME = "$(TARGET_NAME)";
				SWIFT_EMIT_LOC_STRINGS = NO;
				SWIFT_VERSION = 5.0;
				TARGETED_DEVICE_FAMILY = "1,2";
				TEST_HOST = "$(BUILT_PRODUCTS_DIR)/Cinefy.app/$(BUNDLE_EXECUTABLE_FOLDER_PATH)/Cinefy";
			};
			name = Release;
		};
		C61737D02DEE2E9400957DB5 /* Debug */ = {
			isa = XCBuildConfiguration;
			buildSettings = {
				CODE_SIGN_STYLE = Automatic;
				CURRENT_PROJECT_VERSION = 1;
				DEVELOPMENT_TEAM = 7UC573MG57;
				GENERATE_INFOPLIST_FILE = YES;
				MARKETING_VERSION = 1.0;
				PRODUCT_BUNDLE_IDENTIFIER = test.CinefyUITests;
				PRODUCT_NAME = "$(TARGET_NAME)";
				SWIFT_EMIT_LOC_STRINGS = NO;
				SWIFT_VERSION = 5.0;
				TARGETED_DEVICE_FAMILY = "1,2";
				TEST_TARGET_NAME = Cinefy;
			};
			name = Debug;
		};
		C61737D12DEE2E9400957DB5 /* Release */ = {
			isa = XCBuildConfiguration;
			buildSettings = {
				CODE_SIGN_STYLE = Automatic;
				CURRENT_PROJECT_VERSION = 1;
				DEVELOPMENT_TEAM = 7UC573MG57;
				GENERATE_INFOPLIST_FILE = YES;
				MARKETING_VERSION = 1.0;
				PRODUCT_BUNDLE_IDENTIFIER = test.CinefyUITests;
				PRODUCT_NAME = "$(TARGET_NAME)";
				SWIFT_EMIT_LOC_STRINGS = NO;
				SWIFT_VERSION = 5.0;
				TARGETED_DEVICE_FAMILY = "1,2";
				TEST_TARGET_NAME = Cinefy;
			};
			name = Release;
		};
/* End XCBuildConfiguration section */

/* Begin XCConfigurationList section */
		C61737992DEE2E9300957DB5 /* Build configuration list for PBXProject "Cinefy" */ = {
			isa = XCConfigurationList;
			buildConfigurations = (
				C61737CA2DEE2E9400957DB5 /* Debug */,
				C61737CB2DEE2E9400957DB5 /* Release */,
			);
			defaultConfigurationIsVisible = 0;
			defaultConfigurationName = Release;
		};
		C61737C72DEE2E9400957DB5 /* Build configuration list for PBXNativeTarget "Cinefy" */ = {
			isa = XCConfigurationList;
			buildConfigurations = (
				C61737C82DEE2E9400957DB5 /* Debug */,
				C61737C92DEE2E9400957DB5 /* Release */,
			);
			defaultConfigurationIsVisible = 0;
			defaultConfigurationName = Release;
		};
		C61737CC2DEE2E9400957DB5 /* Build configuration list for PBXNativeTarget "CinefyTests" */ = {
			isa = XCConfigurationList;
			buildConfigurations = (
				C61737CD2DEE2E9400957DB5 /* Debug */,
				C61737CE2DEE2E9400957DB5 /* Release */,
			);
			defaultConfigurationIsVisible = 0;
			defaultConfigurationName = Release;
		};
		C61737CF2DEE2E9400957DB5 /* Build configuration list for PBXNativeTarget "CinefyUITests" */ = {
			isa = XCConfigurationList;
			buildConfigurations = (
				C61737D02DEE2E9400957DB5 /* Debug */,
				C61737D12DEE2E9400957DB5 /* Release */,
			);
			defaultConfigurationIsVisible = 0;
			defaultConfigurationName = Release;
		};
/* End XCConfigurationList section */
	};
	rootObject = C61737962DEE2E9300957DB5 /* Project object */;
}
